Microsoft Visual Studio Solution File, Format Version 12.00
# Visual Studio Version 17
VisualStudioVersion = 17.5.2.0
MinimumVisualStudioVersion = 10.0.40219.1
Project("{FAE04EC0-301F-11D3-BF4B-00C04F79EFBC}") = "0902-23-6634", "0902-23-6634.csproj", "{84000D9B-E5A6-E4FE-8323-40931B0890CB}"
EndProject
Global
	GlobalSection(SolutionConfigurationPlatforms) = preSolution
		Debug|Any CPU = Debug|Any CPU
		Release|Any CPU = Release|Any CPU
	EndGlobalSection
	GlobalSection(ProjectConfigurationPlatforms) = postSolution
		{84000D9B-E5A6-E4FE-8323-40931B0890CB}.Debug|Any CPU.ActiveCfg = Debug|Any CPU
		{84000D9B-E5A6-E4FE-8323-40931B0890CB}.Debug|Any CPU.Build.0 = Debug|Any CPU
		{84000D9B-E5A6-E4FE-8323-40931B0890CB}.Release|Any CPU.ActiveCfg = Release|Any CPU
		{84000D9B-E5A6-E4FE-8323-40931B0890CB}.Release|Any CPU.Build.0 = Release|Any CPU
	EndGlobalSection
	GlobalSection(SolutionProperties) = preSolution
		HideSolutionNode = FALSE
	EndGlobalSection
	GlobalSection(ExtensibilityGlobals) = postSolution
		SolutionGuid = {34C81E45-DD73-4CC7-8F46-4798662AE984}
	EndGlobalSection
EndGlobal
